// !$*UTF8*$!
{
	archiveVersion = 1;
	classes = {
	};
	objectVersion = 46;
	objects = {

/* Begin PBXBuildFile section */
		4FC54B8D1AC278CC00654BF3 /* Bolts.framework in Frameworks */ = {isa = PBXBuildFile; fileRef = 4FC54B8A1AC278CC00654BF3 /* Bolts.framework */; };
		4FC54B8E1AC278CC00654BF3 /* Parse.framework in Frameworks */ = {isa = PBXBuildFile; fileRef = 4FC54B8B1AC278CC00654BF3 /* Parse.framework */; };
		4FC54B8F1AC278CC00654BF3 /* ParseUI.framework in Frameworks */ = {isa = PBXBuildFile; fileRef = 4FC54B8C1AC278CC00654BF3 /* ParseUI.framework */; };
		4FC54B921AC27A0F00654BF3 /* libsqlite3.dylib in Frameworks */ = {isa = PBXBuildFile; fileRef = 4FC54B911AC27A0F00654BF3 /* libsqlite3.dylib */; };
		71BFB79D196DF1DB0094657C /* Foundation.framework in Frameworks */ = {isa = PBXBuildFile; fileRef = 71BFB79C196DF1DB0094657C /* Foundation.framework */; };
		71BFB79F196DF1DB0094657C /* CoreGraphics.framework in Frameworks */ = {isa = PBXBuildFile; fileRef = 71BFB79E196DF1DB0094657C /* CoreGraphics.framework */; };
		71BFB7A1196DF1DB0094657C /* UIKit.framework in Frameworks */ = {isa = PBXBuildFile; fileRef = 71BFB7A0196DF1DB0094657C /* UIKit.framework */; };
		71BFB7A7196DF1DB0094657C /* InfoPlist.strings in Resources */ = {isa = PBXBuildFile; fileRef = 71BFB7A5196DF1DB0094657C /* InfoPlist.strings */; };
		71BFB7A9196DF1DB0094657C /* main.m in Sources */ = {isa = PBXBuildFile; fileRef = 71BFB7A8196DF1DB0094657C /* main.m */; };
		71BFB7AD196DF1DB0094657C /* SAAppDelegate.m in Sources */ = {isa = PBXBuildFile; fileRef = 71BFB7AC196DF1DB0094657C /* SAAppDelegate.m */; };
		71BFB7B0196DF1DB0094657C /* Main.storyboard in Resources */ = {isa = PBXBuildFile; fileRef = 71BFB7AE196DF1DB0094657C /* Main.storyboard */; };
		71BFB7B3196DF1DB0094657C /* SAViewController.m in Sources */ = {isa = PBXBuildFile; fileRef = 71BFB7B2196DF1DB0094657C /* SAViewController.m */; };
		71BFB7B5196DF1DB0094657C /* Images.xcassets in Resources */ = {isa = PBXBuildFile; fileRef = 71BFB7B4196DF1DB0094657C /* Images.xcassets */; };
		71BFB7BC196DF1DB0094657C /* XCTest.framework in Frameworks */ = {isa = PBXBuildFile; fileRef = 71BFB7BB196DF1DB0094657C /* XCTest.framework */; };
		71BFB7BD196DF1DB0094657C /* Foundation.framework in Frameworks */ = {isa = PBXBuildFile; fileRef = 71BFB79C196DF1DB0094657C /* Foundation.framework */; };
		71BFB7BE196DF1DB0094657C /* UIKit.framework in Frameworks */ = {isa = PBXBuildFile; fileRef = 71BFB7A0196DF1DB0094657C /* UIKit.framework */; };
		71BFB7C6196DF1DB0094657C /* InfoPlist.strings in Resources */ = {isa = PBXBuildFile; fileRef = 71BFB7C4196DF1DB0094657C /* InfoPlist.strings */; };
		71BFB7C8196DF1DB0094657C /* SupTests.m in Sources */ = {isa = PBXBuildFile; fileRef = 71BFB7C7196DF1DB0094657C /* SupTests.m */; };
		71BFB7D3196DF2650094657C /* SAUsersDataSource.m in Sources */ = {isa = PBXBuildFile; fileRef = 71BFB7D2196DF2650094657C /* SAUsersDataSource.m */; };
		71BFB7D7196DF4070094657C /* AudioToolbox.framework in Frameworks */ = {isa = PBXBuildFile; fileRef = 71BFB7D6196DF4070094657C /* AudioToolbox.framework */; };
		71BFB7D9196DF40C0094657C /* CFNetwork.framework in Frameworks */ = {isa = PBXBuildFile; fileRef = 71BFB7D8196DF40C0094657C /* CFNetwork.framework */; };
		71BFB7DB196DF41D0094657C /* CoreLocation.framework in Frameworks */ = {isa = PBXBuildFile; fileRef = 71BFB7DA196DF41D0094657C /* CoreLocation.framework */; };
		71BFB7DD196DF4220094657C /* libz.dylib in Frameworks */ = {isa = PBXBuildFile; fileRef = 71BFB7DC196DF4220094657C /* libz.dylib */; };
		71BFB7DF196DF4280094657C /* MobileCoreServices.framework in Frameworks */ = {isa = PBXBuildFile; fileRef = 71BFB7DE196DF4280094657C /* MobileCoreServices.framework */; };
		71BFB7E1196DF42E0094657C /* QuartzCore.framework in Frameworks */ = {isa = PBXBuildFile; fileRef = 71BFB7E0196DF42E0094657C /* QuartzCore.framework */; };
		71BFB7E3196DF4330094657C /* Security.framework in Frameworks */ = {isa = PBXBuildFile; fileRef = 71BFB7E2196DF4330094657C /* Security.framework */; };
		71BFB7E7196DF43D0094657C /* SystemConfiguration.framework in Frameworks */ = {isa = PBXBuildFile; fileRef = 71BFB7E6196DF43D0094657C /* SystemConfiguration.framework */; };
		71BFB7EA196DF4FD0094657C /* SAUsersViewController.m in Sources */ = {isa = PBXBuildFile; fileRef = 71BFB7E9196DF4FD0094657C /* SAUsersViewController.m */; };
		71BFB7EC196DF7240094657C /* Twitter.framework in Frameworks */ = {isa = PBXBuildFile; fileRef = 71BFB7EB196DF7240094657C /* Twitter.framework */; };
		71BFB7EE196DF72B0094657C /* Social.framework in Frameworks */ = {isa = PBXBuildFile; fileRef = 71BFB7ED196DF72B0094657C /* Social.framework */; };
		71BFB7F0196DF73B0094657C /* Accounts.framework in Frameworks */ = {isa = PBXBuildFile; fileRef = 71BFB7EF196DF73B0094657C /* Accounts.framework */; };
/* End PBXBuildFile section */

/* Begin PBXContainerItemProxy section */
		71BFB7BF196DF1DB0094657C /* PBXContainerItemProxy */ = {
			isa = PBXContainerItemProxy;
			containerPortal = 71BFB791196DF1DB0094657C /* Project object */;
			proxyType = 1;
			remoteGlobalIDString = 71BFB798196DF1DB0094657C;
			remoteInfo = Sup;
		};
/* End PBXContainerItemProxy section */

/* Begin PBXFileReference section */
		4FC54B8A1AC278CC00654BF3 /* Bolts.framework */ = {isa = PBXFileReference; lastKnownFileType = wrapper.framework; path = Bolts.framework; sourceTree = "<group>"; };
		4FC54B8B1AC278CC00654BF3 /* Parse.framework */ = {isa = PBXFileReference; lastKnownFileType = wrapper.framework; path = Parse.framework; sourceTree = "<group>"; };
		4FC54B8C1AC278CC00654BF3 /* ParseUI.framework */ = {isa = PBXFileReference; lastKnownFileType = wrapper.framework; path = ParseUI.framework; sourceTree = "<group>"; };
		4FC54B901AC2792500654BF3 /* Private-Keys.h */ = {isa = PBXFileReference; lastKnownFileType = sourcecode.c.h; path = "Private-Keys.h"; sourceTree = "<group>"; };
		4FC54B911AC27A0F00654BF3 /* libsqlite3.dylib */ = {isa = PBXFileReference; lastKnownFileType = "compiled.mach-o.dylib"; name = libsqlite3.dylib; path = usr/lib/libsqlite3.dylib; sourceTree = SDKROOT; };
		71BFB799196DF1DB0094657C /* Sup.app */ = {isa = PBXFileReference; explicitFileType = wrapper.application; includeInIndex = 0; path = Sup.app; sourceTree = BUILT_PRODUCTS_DIR; };
		71BFB79C196DF1DB0094657C /* Foundation.framework */ = {isa = PBXFileReference; lastKnownFileType = wrapper.framework; name = Foundation.framework; path = System/Library/Frameworks/Foundation.framework; sourceTree = SDKROOT; };
		71BFB79E196DF1DB0094657C /* CoreGraphics.framework */ = {isa = PBXFileReference; lastKnownFileType = wrapper.framework; name = CoreGraphics.framework; path = System/Library/Frameworks/CoreGraphics.framework; sourceTree = SDKROOT; };
		71BFB7A0196DF1DB0094657C /* UIKit.framework */ = {isa = PBXFileReference; lastKnownFileType = wrapper.framework; name = UIKit.framework; path = System/Library/Frameworks/UIKit.framework; sourceTree = SDKROOT; };
		71BFB7A4196DF1DB0094657C /* Sup-Info.plist */ = {isa = PBXFileReference; lastKnownFileType = text.plist.xml; path = "Sup-Info.plist"; sourceTree = "<group>"; };
		71BFB7A6196DF1DB0094657C /* en */ = {isa = PBXFileReference; lastKnownFileType = text.plist.strings; name = en; path = en.lproj/InfoPlist.strings; sourceTree = "<group>"; };
		71BFB7A8196DF1DB0094657C /* main.m */ = {isa = PBXFileReference; lastKnownFileType = sourcecode.c.objc; path = main.m; sourceTree = "<group>"; };
		71BFB7AA196DF1DB0094657C /* Sup-Prefix.pch */ = {isa = PBXFileReference; lastKnownFileType = sourcecode.c.h; path = "Sup-Prefix.pch"; sourceTree = "<group>"; };
		71BFB7AB196DF1DB0094657C /* SAAppDelegate.h */ = {isa = PBXFileReference; lastKnownFileType = sourcecode.c.h; path = SAAppDelegate.h; sourceTree = "<group>"; };
		71BFB7AC196DF1DB0094657C /* SAAppDelegate.m */ = {isa = PBXFileReference; lastKnownFileType = sourcecode.c.objc; path = SAAppDelegate.m; sourceTree = "<group>"; };
		71BFB7AF196DF1DB0094657C /* Base */ = {isa = PBXFileReference; lastKnownFileType = file.storyboard; name = Base; path = Base.lproj/Main.storyboard; sourceTree = "<group>"; };
		71BFB7B1196DF1DB0094657C /* SAViewController.h */ = {isa = PBXFileReference; lastKnownFileType = sourcecode.c.h; path = SAViewController.h; sourceTree = "<group>"; };
		71BFB7B2196DF1DB0094657C /* SAViewController.m */ = {isa = PBXFileReference; lastKnownFileType = sourcecode.c.objc; path = SAViewController.m; sourceTree = "<group>"; };
		71BFB7B4196DF1DB0094657C /* Images.xcassets */ = {isa = PBXFileReference; lastKnownFileType = folder.assetcatalog; path = Images.xcassets; sourceTree = "<group>"; };
		71BFB7BA196DF1DB0094657C /* SupTests.xctest */ = {isa = PBXFileReference; explicitFileType = wrapper.cfbundle; includeInIndex = 0; path = SupTests.xctest; sourceTree = BUILT_PRODUCTS_DIR; };
		71BFB7BB196DF1DB0094657C /* XCTest.framework */ = {isa = PBXFileReference; lastKnownFileType = wrapper.framework; name = XCTest.framework; path = Library/Frameworks/XCTest.framework; sourceTree = DEVELOPER_DIR; };
		71BFB7C3196DF1DB0094657C /* SupTests-Info.plist */ = {isa = PBXFileReference; lastKnownFileType = text.plist.xml; path = "SupTests-Info.plist"; sourceTree = "<group>"; };
		71BFB7C5196DF1DB0094657C /* en */ = {isa = PBXFileReference; lastKnownFileType = text.plist.strings; name = en; path = en.lproj/InfoPlist.strings; sourceTree = "<group>"; };
		71BFB7C7196DF1DB0094657C /* SupTests.m */ = {isa = PBXFileReference; lastKnownFileType = sourcecode.c.objc; path = SupTests.m; sourceTree = "<group>"; };
		71BFB7D1196DF2650094657C /* SAUsersDataSource.h */ = {isa = PBXFileReference; fileEncoding = 4; lastKnownFileType = sourcecode.c.h; path = SAUsersDataSource.h; sourceTree = "<group>"; };
		71BFB7D2196DF2650094657C /* SAUsersDataSource.m */ = {isa = PBXFileReference; fileEncoding = 4; lastKnownFileType = sourcecode.c.objc; path = SAUsersDataSource.m; sourceTree = "<group>"; };
		71BFB7D6196DF4070094657C /* AudioToolbox.framework */ = {isa = PBXFileReference; lastKnownFileType = wrapper.framework; name = AudioToolbox.framework; path = System/Library/Frameworks/AudioToolbox.framework; sourceTree = SDKROOT; };
		71BFB7D8196DF40C0094657C /* CFNetwork.framework */ = {isa = PBXFileReference; lastKnownFileType = wrapper.framework; name = CFNetwork.framework; path = System/Library/Frameworks/CFNetwork.framework; sourceTree = SDKROOT; };
		71BFB7DA196DF41D0094657C /* CoreLocation.framework */ = {isa = PBXFileReference; lastKnownFileType = wrapper.framework; name = CoreLocation.framework; path = System/Library/Frameworks/CoreLocation.framework; sourceTree = SDKROOT; };
		71BFB7DC196DF4220094657C /* libz.dylib */ = {isa = PBXFileReference; lastKnownFileType = "compiled.mach-o.dylib"; name = libz.dylib; path = usr/lib/libz.dylib; sourceTree = SDKROOT; };
		71BFB7DE196DF4280094657C /* MobileCoreServices.framework */ = {isa = PBXFileReference; lastKnownFileType = wrapper.framework; name = MobileCoreServices.framework; path = System/Library/Frameworks/MobileCoreServices.framework; sourceTree = SDKROOT; };
		71BFB7E0196DF42E0094657C /* QuartzCore.framework */ = {isa = PBXFileReference; lastKnownFileType = wrapper.framework; name = QuartzCore.framework; path = System/Library/Frameworks/QuartzCore.framework; sourceTree = SDKROOT; };
		71BFB7E2196DF4330094657C /* Security.framework */ = {isa = PBXFileReference; lastKnownFileType = wrapper.framework; name = Security.framework; path = System/Library/Frameworks/Security.framework; sourceTree = SDKROOT; };
		71BFB7E6196DF43D0094657C /* SystemConfiguration.framework */ = {isa = PBXFileReference; lastKnownFileType = wrapper.framework; name = SystemConfiguration.framework; path = System/Library/Frameworks/SystemConfiguration.framework; sourceTree = SDKROOT; };
		71BFB7E8196DF4FD0094657C /* SAUsersViewController.h */ = {isa = PBXFileReference; fileEncoding = 4; lastKnownFileType = sourcecode.c.h; path = SAUsersViewController.h; sourceTree = "<group>"; };
		71BFB7E9196DF4FD0094657C /* SAUsersViewController.m */ = {isa = PBXFileReference; fileEncoding = 4; lastKnownFileType = sourcecode.c.objc; path = SAUsersViewController.m; sourceTree = "<group>"; };
		71BFB7EB196DF7240094657C /* Twitter.framework */ = {isa = PBXFileReference; lastKnownFileType = wrapper.framework; name = Twitter.framework; path = System/Library/Frameworks/Twitter.framework; sourceTree = SDKROOT; };
		71BFB7ED196DF72B0094657C /* Social.framework */ = {isa = PBXFileReference; lastKnownFileType = wrapper.framework; name = Social.framework; path = System/Library/Frameworks/Social.framework; sourceTree = SDKROOT; };
		71BFB7EF196DF73B0094657C /* Accounts.framework */ = {isa = PBXFileReference; lastKnownFileType = wrapper.framework; name = Accounts.framework; path = System/Library/Frameworks/Accounts.framework; sourceTree = SDKROOT; };
/* End PBXFileReference section */

/* Begin PBXFrameworksBuildPhase section */
		71BFB796196DF1DB0094657C /* Frameworks */ = {
			isa = PBXFrameworksBuildPhase;
			buildActionMask = 2147483647;
			files = (
				4FC54B921AC27A0F00654BF3 /* libsqlite3.dylib in Frameworks */,
				4FC54B8F1AC278CC00654BF3 /* ParseUI.framework in Frameworks */,
				71BFB7F0196DF73B0094657C /* Accounts.framework in Frameworks */,
				71BFB7EE196DF72B0094657C /* Social.framework in Frameworks */,
				71BFB7EC196DF7240094657C /* Twitter.framework in Frameworks */,
				71BFB7E7196DF43D0094657C /* SystemConfiguration.framework in Frameworks */,
				71BFB7E3196DF4330094657C /* Security.framework in Frameworks */,
				4FC54B8E1AC278CC00654BF3 /* Parse.framework in Frameworks */,
				71BFB7E1196DF42E0094657C /* QuartzCore.framework in Frameworks */,
				71BFB7DF196DF4280094657C /* MobileCoreServices.framework in Frameworks */,
				71BFB7DD196DF4220094657C /* libz.dylib in Frameworks */,
				71BFB7DB196DF41D0094657C /* CoreLocation.framework in Frameworks */,
				71BFB79F196DF1DB0094657C /* CoreGraphics.framework in Frameworks */,
				71BFB7D9196DF40C0094657C /* CFNetwork.framework in Frameworks */,
				71BFB7D7196DF4070094657C /* AudioToolbox.framework in Frameworks */,
				71BFB7A1196DF1DB0094657C /* UIKit.framework in Frameworks */,
				71BFB79D196DF1DB0094657C /* Foundation.framework in Frameworks */,
				4FC54B8D1AC278CC00654BF3 /* Bolts.framework in Frameworks */,
			);
			runOnlyForDeploymentPostprocessing = 0;
		};
		71BFB7B7196DF1DB0094657C /* Frameworks */ = {
			isa = PBXFrameworksBuildPhase;
			buildActionMask = 2147483647;
			files = (
				71BFB7BC196DF1DB0094657C /* XCTest.framework in Frameworks */,
				71BFB7BE196DF1DB0094657C /* UIKit.framework in Frameworks */,
				71BFB7BD196DF1DB0094657C /* Foundation.framework in Frameworks */,
			);
			runOnlyForDeploymentPostprocessing = 0;
		};
/* End PBXFrameworksBuildPhase section */

/* Begin PBXGroup section */
		71BFB790196DF1DB0094657C = {
			isa = PBXGroup;
			children = (
				71BFB7A2196DF1DB0094657C /* Sup */,
				71BFB7C1196DF1DB0094657C /* SupTests */,
				71BFB79B196DF1DB0094657C /* Frameworks */,
				71BFB79A196DF1DB0094657C /* Products */,
			);
			sourceTree = "<group>";
		};
		71BFB79A196DF1DB0094657C /* Products */ = {
			isa = PBXGroup;
			children = (
				71BFB799196DF1DB0094657C /* Sup.app */,
				71BFB7BA196DF1DB0094657C /* SupTests.xctest */,
			);
			name = Products;
			sourceTree = "<group>";
		};
		71BFB79B196DF1DB0094657C /* Frameworks */ = {
			isa = PBXGroup;
			children = (
				4FC54B911AC27A0F00654BF3 /* libsqlite3.dylib */,
				71BFB7EF196DF73B0094657C /* Accounts.framework */,
				71BFB7ED196DF72B0094657C /* Social.framework */,
				71BFB7EB196DF7240094657C /* Twitter.framework */,
				71BFB7E6196DF43D0094657C /* SystemConfiguration.framework */,
				71BFB7E2196DF4330094657C /* Security.framework */,
				71BFB7E0196DF42E0094657C /* QuartzCore.framework */,
				71BFB7DE196DF4280094657C /* MobileCoreServices.framework */,
				71BFB7DC196DF4220094657C /* libz.dylib */,
				71BFB7DA196DF41D0094657C /* CoreLocation.framework */,
				71BFB7D8196DF40C0094657C /* CFNetwork.framework */,
				71BFB7D6196DF4070094657C /* AudioToolbox.framework */,
				71BFB79C196DF1DB0094657C /* Foundation.framework */,
				71BFB79E196DF1DB0094657C /* CoreGraphics.framework */,
				71BFB7A0196DF1DB0094657C /* UIKit.framework */,
				71BFB7BB196DF1DB0094657C /* XCTest.framework */,
				4FC54B8A1AC278CC00654BF3 /* Bolts.framework */,
				4FC54B8B1AC278CC00654BF3 /* Parse.framework */,
				4FC54B8C1AC278CC00654BF3 /* ParseUI.framework */,
			);
			name = Frameworks;
			sourceTree = "<group>";
		};
		71BFB7A2196DF1DB0094657C /* Sup */ = {
			isa = PBXGroup;
			children = (
				71BFB7AB196DF1DB0094657C /* SAAppDelegate.h */,
				71BFB7AC196DF1DB0094657C /* SAAppDelegate.m */,
				71BFB7AE196DF1DB0094657C /* Main.storyboard */,
				71BFB7B1196DF1DB0094657C /* SAViewController.h */,
				71BFB7B2196DF1DB0094657C /* SAViewController.m */,
				71BFB7E8196DF4FD0094657C /* SAUsersViewController.h */,
				71BFB7E9196DF4FD0094657C /* SAUsersViewController.m */,
				71BFB7D1196DF2650094657C /* SAUsersDataSource.h */,
				71BFB7D2196DF2650094657C /* SAUsersDataSource.m */,
				4FC54B901AC2792500654BF3 /* Private-Keys.h */,
				71BFB7B4196DF1DB0094657C /* Images.xcassets */,
				71BFB7A3196DF1DB0094657C /* Supporting Files */,
			);
			path = Sup;
			sourceTree = "<group>";
		};
		71BFB7A3196DF1DB0094657C /* Supporting Files */ = {
			isa = PBXGroup;
			children = (
				71BFB7A4196DF1DB0094657C /* Sup-Info.plist */,
				71BFB7A5196DF1DB0094657C /* InfoPlist.strings */,
				71BFB7A8196DF1DB0094657C /* main.m */,
				71BFB7AA196DF1DB0094657C /* Sup-Prefix.pch */,
			);
			name = "Supporting Files";
			sourceTree = "<group>";
		};
		71BFB7C1196DF1DB0094657C /* SupTests */ = {
			isa = PBXGroup;
			children = (
				71BFB7C7196DF1DB0094657C /* SupTests.m */,
				71BFB7C2196DF1DB0094657C /* Supporting Files */,
			);
			path = SupTests;
			sourceTree = "<group>";
		};
		71BFB7C2196DF1DB0094657C /* Supporting Files */ = {
			isa = PBXGroup;
			children = (
				71BFB7C3196DF1DB0094657C /* SupTests-Info.plist */,
				71BFB7C4196DF1DB0094657C /* InfoPlist.strings */,
			);
			name = "Supporting Files";
			sourceTree = "<group>";
		};
/* End PBXGroup section */

/* Begin PBXNativeTarget section */
		71BFB798196DF1DB0094657C /* Sup */ = {
			isa = PBXNativeTarget;
			buildConfigurationList = 71BFB7CB196DF1DB0094657C /* Build configuration list for PBXNativeTarget "Sup" */;
			buildPhases = (
				71BFB795196DF1DB0094657C /* Sources */,
				71BFB796196DF1DB0094657C /* Frameworks */,
				71BFB797196DF1DB0094657C /* Resources */,
			);
			buildRules = (
			);
			dependencies = (
			);
			name = Sup;
			productName = Sup;
			productReference = 71BFB799196DF1DB0094657C /* Sup.app */;
			productType = "com.apple.product-type.application";
		};
		71BFB7B9196DF1DB0094657C /* SupTests */ = {
			isa = PBXNativeTarget;
			buildConfigurationList = 71BFB7CE196DF1DB0094657C /* Build configuration list for PBXNativeTarget "SupTests" */;
			buildPhases = (
				71BFB7B6196DF1DB0094657C /* Sources */,
				71BFB7B7196DF1DB0094657C /* Frameworks */,
				71BFB7B8196DF1DB0094657C /* Resources */,
			);
			buildRules = (
			);
			dependencies = (
				71BFB7C0196DF1DB0094657C /* PBXTargetDependency */,
			);
			name = SupTests;
			productName = SupTests;
			productReference = 71BFB7BA196DF1DB0094657C /* SupTests.xctest */;
			productType = "com.apple.product-type.bundle.unit-test";
		};
/* End PBXNativeTarget section */

/* Begin PBXProject section */
		71BFB791196DF1DB0094657C /* Project object */ = {
			isa = PBXProject;
			attributes = {
				CLASSPREFIX = SA;
				LastUpgradeCheck = 0510;
				ORGANIZATIONNAME = DevMountain;
				TargetAttributes = {
					71BFB798196DF1DB0094657C = {
						DevelopmentTeam = 357NQPN89X;
						SystemCapabilities = {
							com.apple.InAppPurchase = {
								enabled = 0;
							};
						};
					};
					71BFB7B9196DF1DB0094657C = {
						TestTargetID = 71BFB798196DF1DB0094657C;
					};
				};
			};
			buildConfigurationList = 71BFB794196DF1DB0094657C /* Build configuration list for PBXProject "Sup" */;
			compatibilityVersion = "Xcode 3.2";
			developmentRegion = English;
			hasScannedForEncodings = 0;
			knownRegions = (
				en,
				Base,
			);
			mainGroup = 71BFB790196DF1DB0094657C;
			productRefGroup = 71BFB79A196DF1DB0094657C /* Products */;
			projectDirPath = "";
			projectRoot = "";
			targets = (
				71BFB798196DF1DB0094657C /* Sup */,
				71BFB7B9196DF1DB0094657C /* SupTests */,
			);
		};
/* End PBXProject section */

/* Begin PBXResourcesBuildPhase section */
		71BFB797196DF1DB0094657C /* Resources */ = {
			isa = PBXResourcesBuildPhase;
			buildActionMask = 2147483647;
			files = (
				71BFB7B5196DF1DB0094657C /* Images.xcassets in Resources */,
				71BFB7A7196DF1DB0094657C /* InfoPlist.strings in Resources */,
				71BFB7B0196DF1DB0094657C /* Main.storyboard in Resources */,
			);
			runOnlyForDeploymentPostprocessing = 0;
		};
		71BFB7B8196DF1DB0094657C /* Resources */ = {
			isa = PBXResourcesBuildPhase;
			buildActionMask = 2147483647;
			files = (
				71BFB7C6196DF1DB0094657C /* InfoPlist.strings in Resources */,
			);
			runOnlyForDeploymentPostprocessing = 0;
		};
/* End PBXResourcesBuildPhase section */

/* Begin PBXSourcesBuildPhase section */
		71BFB795196DF1DB0094657C /* Sources */ = {
			isa = PBXSourcesBuildPhase;
			buildActionMask = 2147483647;
			files = (
				71BFB7AD196DF1DB0094657C /* SAAppDelegate.m in Sources */,
				71BFB7B3196DF1DB0094657C /* SAViewController.m in Sources */,
				71BFB7A9196DF1DB0094657C /* main.m in Sources */,
				71BFB7EA196DF4FD0094657C /* SAUsersViewController.m in Sources */,
				71BFB7D3196DF2650094657C /* SAUsersDataSource.m in Sources */,
			);
			runOnlyForDeploymentPostprocessing = 0;
		};
		71BFB7B6196DF1DB0094657C /* Sources */ = {
			isa = PBXSourcesBuildPhase;
			buildActionMask = 2147483647;
			files = (
				71BFB7C8196DF1DB0094657C /* SupTests.m in Sources */,
			);
			runOnlyForDeploymentPostprocessing = 0;
		};
/* End PBXSourcesBuildPhase section */

/* Begin PBXTargetDependency section */
		71BFB7C0196DF1DB0094657C /* PBXTargetDependency */ = {
			isa = PBXTargetDependency;
			target = 71BFB798196DF1DB0094657C /* Sup */;
			targetProxy = 71BFB7BF196DF1DB0094657C /* PBXContainerItemProxy */;
		};
/* End PBXTargetDependency section */

/* Begin PBXVariantGroup section */
		71BFB7A5196DF1DB0094657C /* InfoPlist.strings */ = {
			isa = PBXVariantGroup;
			children = (
				71BFB7A6196DF1DB0094657C /* en */,
			);
			name = InfoPlist.strings;
			sourceTree = "<group>";
		};
		71BFB7AE196DF1DB0094657C /* Main.storyboard */ = {
			isa = PBXVariantGroup;
			children = (
				71BFB7AF196DF1DB0094657C /* Base */,
			);
			name = Main.storyboard;
			sourceTree = "<group>";
		};
		71BFB7C4196DF1DB0094657C /* InfoPlist.strings */ = {
			isa = PBXVariantGroup;
			children = (
				71BFB7C5196DF1DB0094657C /* en */,
			);
			name = InfoPlist.strings;
			sourceTree = "<group>";
		};
/* End PBXVariantGroup section */

/* Begin XCBuildConfiguration section */
		71BFB7C9196DF1DB0094657C /* Debug */ = {
			isa = XCBuildConfiguration;
			buildSettings = {
				ALWAYS_SEARCH_USER_PATHS = NO;
				CLANG_CXX_LANGUAGE_STANDARD = "gnu++0x";
				CLANG_CXX_LIBRARY = "libc++";
				CLANG_ENABLE_MODULES = YES;
				CLANG_ENABLE_OBJC_ARC = YES;
				CLANG_WARN_BOOL_CONVERSION = YES;
				CLANG_WARN_CONSTANT_CONVERSION = YES;
				CLANG_WARN_DIRECT_OBJC_ISA_USAGE = YES_ERROR;
				CLANG_WARN_EMPTY_BODY = YES;
				CLANG_WARN_ENUM_CONVERSION = YES;
				CLANG_WARN_INT_CONVERSION = YES;
				CLANG_WARN_OBJC_ROOT_CLASS = YES_ERROR;
				CLANG_WARN__DUPLICATE_METHOD_MATCH = YES;
				"CODE_SIGN_IDENTITY[sdk=iphoneos*]" = "iPhone Developer";
				COPY_PHASE_STRIP = NO;
				GCC_C_LANGUAGE_STANDARD = gnu99;
				GCC_DYNAMIC_NO_PIC = NO;
				GCC_OPTIMIZATION_LEVEL = 0;
				GCC_PREPROCESSOR_DEFINITIONS = (
					"DEBUG=1",
					"$(inherited)",
				);
				GCC_SYMBOLS_PRIVATE_EXTERN = NO;
				GCC_WARN_64_TO_32_BIT_CONVERSION = YES;
				GCC_WARN_ABOUT_RETURN_TYPE = YES_ERROR;
				GCC_WARN_UNDECLARED_SELECTOR = YES;
				GCC_WARN_UNINITIALIZED_AUTOS = YES_AGGRESSIVE;
				GCC_WARN_UNUSED_FUNCTION = YES;
				GCC_WARN_UNUSED_VARIABLE = YES;
				IPHONEOS_DEPLOYMENT_TARGET = 7.1;
				ONLY_ACTIVE_ARCH = YES;
				SDKROOT = iphoneos;
			};
			name = Debug;
		};
		71BFB7CA196DF1DB0094657C /* Release */ = {
			isa = XCBuildConfiguration;
			buildSettings = {
				ALWAYS_SEARCH_USER_PATHS = NO;
				CLANG_CXX_LANGUAGE_STANDARD = "gnu++0x";
				CLANG_CXX_LIBRARY = "libc++";
				CLANG_ENABLE_MODULES = YES;
				CLANG_ENABLE_OBJC_ARC = YES;
				CLANG_WARN_BOOL_CONVERSION = YES;
				CLANG_WARN_CONSTANT_CONVERSION = YES;
				CLANG_WARN_DIRECT_OBJC_ISA_USAGE = YES_ERROR;
				CLANG_WARN_EMPTY_BODY = YES;
				CLANG_WARN_ENUM_CONVERSION = YES;
				CLANG_WARN_INT_CONVERSION = YES;
				CLANG_WARN_OBJC_ROOT_CLASS = YES_ERROR;
				CLANG_WARN__DUPLICATE_METHOD_MATCH = YES;
				"CODE_SIGN_IDENTITY[sdk=iphoneos*]" = "iPhone Developer";
				COPY_PHASE_STRIP = YES;
				ENABLE_NS_ASSERTIONS = NO;
				GCC_C_LANGUAGE_STANDARD = gnu99;
				GCC_WARN_64_TO_32_BIT_CONVERSION = YES;
				GCC_WARN_ABOUT_RETURN_TYPE = YES_ERROR;
				GCC_WARN_UNDECLARED_SELECTOR = YES;
				GCC_WARN_UNINITIALIZED_AUTOS = YES_AGGRESSIVE;
				GCC_WARN_UNUSED_FUNCTION = YES;
				GCC_WARN_UNUSED_VARIABLE = YES;
				IPHONEOS_DEPLOYMENT_TARGET = 7.1;
				SDKROOT = iphoneos;
				VALIDATE_PRODUCT = YES;
			};
			name = Release;
		};
		71BFB7CC196DF1DB0094657C /* Debug */ = {
			isa = XCBuildConfiguration;
			buildSettings = {
				ASSETCATALOG_COMPILER_APPICON_NAME = AppIcon;
				ASSETCATALOG_COMPILER_LAUNCHIMAGE_NAME = LaunchImage;
				CODE_SIGN_IDENTITY = "iPhone Developer: Caleb Hicks (4UM5PYJ9DN)";
				"CODE_SIGN_IDENTITY[sdk=iphoneos*]" = "iPhone Developer: Caleb Hicks (4UM5PYJ9DN)";
				FRAMEWORK_SEARCH_PATHS = (
					"$(inherited)",
					"$(PROJECT_DIR)",
				);
				GCC_PRECOMPILE_PREFIX_HEADER = YES;
				GCC_PREFIX_HEADER = "Sup/Sup-Prefix.pch";
				INFOPLIST_FILE = "Sup/Sup-Info.plist";
				PRODUCT_NAME = "$(TARGET_NAME)";
				PROVISIONING_PROFILE = "4216294c-4bd2-4470-9c49-8f3c4a30b628";
				WRAPPER_EXTENSION = app;
			};
			name = Debug;
		};
		71BFB7CD196DF1DB0094657C /* Release */ = {
			isa = XCBuildConfiguration;
			buildSettings = {
				ASSETCATALOG_COMPILER_APPICON_NAME = AppIcon;
				ASSETCATALOG_COMPILER_LAUNCHIMAGE_NAME = LaunchImage;
				CODE_SIGN_IDENTITY = "iPhone Distribution: Caleb Hicks (357NQPN89X)";
				"CODE_SIGN_IDENTITY[sdk=iphoneos*]" = "iPhone Distribution: Caleb Hicks (357NQPN89X)";
				FRAMEWORK_SEARCH_PATHS = (
					"$(inherited)",
					"$(PROJECT_DIR)",
				);
				GCC_PRECOMPILE_PREFIX_HEADER = YES;
				GCC_PREFIX_HEADER = "Sup/Sup-Prefix.pch";
				INFOPLIST_FILE = "Sup/Sup-Info.plist";
				PRODUCT_NAME = "$(TARGET_NAME)";
				PROVISIONING_PROFILE = "7cb64abf-b183-4d5d-8ba7-f9af16001f10";
				WRAPPER_EXTENSION = app;
			};
			name = Release;
		};
		71BFB7CF196DF1DB0094657C /* Debug */ = {
			isa = XCBuildConfiguration;
			buildSettings = {
				BUNDLE_LOADER = "$(BUILT_PRODUCTS_DIR)/Sup.app/Sup";
				FRAMEWORK_SEARCH_PATHS = (
					"$(SDKROOT)/Developer/Library/Frameworks",
					"$(inherited)",
					"$(DEVELOPER_FRAMEWORKS_DIR)",
				);
				GCC_PRECOMPILE_PREFIX_HEADER = YES;
				GCC_PREFIX_HEADER = "Sup/Sup-Prefix.pch";
				GCC_PREPROCESSOR_DEFINITIONS = (
					"DEBUG=1",
					"$(inherited)",
				);
				INFOPLIST_FILE = "SupTests/SupTests-Info.plist";
				PRODUCT_NAME = "$(TARGET_NAME)";
				TEST_HOST = "$(BUNDLE_LOADER)";
				WRAPPER_EXTENSION = xctest;
			};
			name = Debug;
		};
		71BFB7D0196DF1DB0094657C /* Release */ = {
			isa = XCBuildConfiguration;
			buildSettings = {
				BUNDLE_LOADER = "$(BUILT_PRODUCTS_DIR)/Sup.app/Sup";
				FRAMEWORK_SEARCH_PATHS = (
					"$(SDKROOT)/Developer/Library/Frameworks",
					"$(inherited)",
					"$(DEVELOPER_FRAMEWORKS_DIR)",
				);
				GCC_PRECOMPILE_PREFIX_HEADER = YES;
				GCC_PREFIX_HEADER = "Sup/Sup-Prefix.pch";
				INFOPLIST_FILE = "SupTests/SupTests-Info.plist";
				PRODUCT_NAME = "$(TARGET_NAME)";
				TEST_HOST = "$(BUNDLE_LOADER)";
				WRAPPER_EXTENSION = xctest;
			};
			name = Release;
		};
/* End XCBuildConfiguration section */

/* Begin XCConfigurationList section */
		71BFB794196DF1DB0094657C /* Build configuration list for PBXProject "Sup" */ = {
			isa = XCConfigurationList;
			buildConfigurations = (
				71BFB7C9196DF1DB0094657C /* Debug */,
				71BFB7CA196DF1DB0094657C /* Release */,
			);
			defaultConfigurationIsVisible = 0;
			defaultConfigurationName = Release;
		};
		71BFB7CB196DF1DB0094657C /* Build configuration list for PBXNativeTarget "Sup" */ = {
			isa = XCConfigurationList;
			buildConfigurations = (
				71BFB7CC196DF1DB0094657C /* Debug */,
				71BFB7CD196DF1DB0094657C /* Release */,
			);
			defaultConfigurationIsVisible = 0;
			defaultConfigurationName = Release;
		};
		71BFB7CE196DF1DB0094657C /* Build configuration list for PBXNativeTarget "SupTests" */ = {
			isa = XCConfigurationList;
			buildConfigurations = (
				71BFB7CF196DF1DB0094657C /* Debug */,
				71BFB7D0196DF1DB0094657C /* Release */,
			);
			defaultConfigurationIsVisible = 0;
			defaultConfigurationName = Release;
		};
/* End XCConfigurationList section */
	};
	rootObject = 71BFB791196DF1DB0094657C /* Project object */;
}
